
Microsoft Visual Studio Solution File, Format Version 12.00
# Visual Studio Version 17
VisualStudioVersion = 17.2.32616.157
MinimumVisualStudioVersion = 10.0.40219.1
Project("{FAE04EC0-301F-11D3-BF4B-00C04F79EFBC}") = "EX1.APIS.NET", "EX1.APIS.NET\EX1.APIS.NET.csproj", "{1C0069F9-FDCD-48E0-99E0-C2588B69F359}"
EndProject
Project("{9A19103F-16F7-4668-BE54-9A1E7A4F7556}") = "UniversityApiBackend", "..\..\backend\University\universityApiBackend\UniversityApiBackend.csproj", "{76A66975-A4FD-4651-8FF2-119A7A3FB864}"
EndProject
Global
	GlobalSection(SolutionConfigurationPlatforms) = preSolution
		Debug|Any CPU = Debug|Any CPU
		Release|Any CPU = Release|Any CPU
	EndGlobalSection
	GlobalSection(ProjectConfigurationPlatforms) = postSolution
		{1C0069F9-FDCD-48E0-99E0-C2588B69F359}.Debug|Any CPU.ActiveCfg = Debug|Any CPU
		{1C0069F9-FDCD-48E0-99E0-C2588B69F359}.Debug|Any CPU.Build.0 = Debug|Any CPU
		{1C0069F9-FDCD-48E0-99E0-C2588B69F359}.Release|Any CPU.ActiveCfg = Release|Any CPU
		{1C0069F9-FDCD-48E0-99E0-C2588B69F359}.Release|Any CPU.Build.0 = Release|Any CPU
		{76A66975-A4FD-4651-8FF2-119A7A3FB864}.Debug|Any CPU.ActiveCfg = Debug|Any CPU
		{76A66975-A4FD-4651-8FF2-119A7A3FB864}.Debug|Any CPU.Build.0 = Debug|Any CPU
		{76A66975-A4FD-4651-8FF2-119A7A3FB864}.Release|Any CPU.ActiveCfg = Release|Any CPU
		{76A66975-A4FD-4651-8FF2-119A7A3FB864}.Release|Any CPU.Build.0 = Release|Any CPU
	EndGlobalSection
	GlobalSection(SolutionProperties) = preSolution
		HideSolutionNode = FALSE
	EndGlobalSection
	GlobalSection(ExtensibilityGlobals) = postSolution
		SolutionGuid = {555C7CE8-0A9A-4999-92AF-774E785D42CD}
	EndGlobalSection
EndGlobal
